<?xml version="1.0" encoding="utf-8"?>
<Project ToolsVersion="4.0" xmlns="http://schemas.microsoft.com/developer/msbuild/2003">
  <ItemGroup>
    <Filter Include="src">
      <UniqueIdentifier>{c44f4b92-8115-488a-9ed0-7f9cd0a29487}</UniqueIdentifier>
    </Filter>
  </ItemGroup>
  <ItemGroup>
    <ClCompile Include="src\BetaComment.cpp">
      <Filter>src</Filter>
    </ClCompile>
    <ClCompile Include="src\Clear.cpp">
      <Filter>src</Filter>
    </ClCompile>
    <ClCompile Include="src\CommandPipe.cpp">
      <Filter>src</Filter>
    </ClCompile>
    <ClCompile Include="src\Commands.cpp">
      <Filter>src</Filter>
    </ClCompile>
    <ClCompile Include="src\EditorIDCache.cpp">
      <Filter>src</Filter>
    </ClCompile>
    <ClCompile Include="src\FormStringTable.cpp">
      <Filter>src</Filter>
    </ClCompile>
    <ClCompile Include="src\Help.cpp">
      <Filter>src</Filter>
    </ClCompile>
    <ClCompile Include="src\Hooks.cpp">
      <Filter>src</Filter>
    </ClCompile>
    <ClCompile Include="src\main.cpp">
      <Filter>src</Filter>
    </ClCompile>
    <ClCompile Include="src\PCH.cpp">
      <Filter>src</Filter>
    </ClCompile>
    <ClCompile Include="src\SelectedRefColor.cpp">
      <Filter>src</Filter>
    </ClCompile>
    <ClCompile Include="src\SetPerkPoints.cpp">
      <Filter>src</Filter>
    </ClCompile>
    <ClCompile Include="src\Settings.cpp">
      <Filter>src</Filter>
    </ClCompile>
  </ItemGroup>
  <ItemGroup>
    <ClInclude Include="src\BetaComment.h">
      <Filter>src</Filter>
    </ClInclude>
    <ClInclude Include="src\Clear.h">
      <Filter>src</Filter>
    </ClInclude>
    <ClInclude Include="src\CommandPipe.h">
      <Filter>src</Filter>
    </ClInclude>
    <ClInclude Include="src\Commands.h">
      <Filter>src</Filter>
    </ClInclude>
    <ClInclude Include="src\EditorIDCache.h">
      <Filter>src</Filter>
    </ClInclude>
    <ClInclude Include="src\FormStringTable.h">
      <Filter>src</Filter>
    </ClInclude>
    <ClInclude Include="src\Help.h">
      <Filter>src</Filter>
    </ClInclude>
    <ClInclude Include="src\Hooks.h">
      <Filter>src</Filter>
    </ClInclude>
    <ClInclude Include="src\PCH.h">
      <Filter>src</Filter>
    </ClInclude>
    <ClInclude Include="src\SelectedRefColor.h">
      <Filter>src</Filter>
    </ClInclude>
    <ClInclude Include="src\SetPerkPoints.h">
      <Filter>src</Filter>
    </ClInclude>
    <ClInclude Include="src\Settings.h">
      <Filter>src</Filter>
    </ClInclude>
    <ClInclude Include="src\version.h">
      <Filter>src</Filter>
    </ClInclude>
  </ItemGroup>
  <ItemGroup>
    <None Include=".clang-format" />
  </ItemGroup>
  <ItemGroup>
    <ResourceCompile Include="version.rc" />
  </ItemGroup>
</Project>